PODS:
  - Chatto (3.3.1)
  - ChattoAdditions (3.3.1):
    - Chatto

DEPENDENCIES:
  - Chatto (from `..`)
  - ChattoAdditions (from `..`)

EXTERNAL SOURCES:
  Chatto:
    :path: ".."
  ChattoAdditions:
    :path: ".."

SPEC CHECKSUMS:
  Chatto: 45f1df6af89c0b1b526e7d6368a9dca4a4728def
  ChattoAdditions: f38e9fef6c17ee587be70377b33841ff78c26f94

PODFILE CHECKSUM: 7e673449d94d383ef7c7669fdd0f282d4d0e7059

COCOAPODS: 1.6.0.beta.2
